
Microsoft Visual Studio Solution File, Format Version 12.00
# Visual Studio 14
VisualStudioVersion = 14.0.25420.1
MinimumVisualStudioVersion = 10.0.40219.1
Project("{FAE04EC0-301F-11D3-BF4B-00C04F79EFBC}") = "E01_MaxSequenceOfEqualElements", "E01_MaxSequenceOfEqualElements\E01_MaxSequenceOfEqualElements.csproj", "{0575DBFF-AAA4-4A83-986A-1906EB1CC2A0}"
EndProject
Project("{FAE04EC0-301F-11D3-BF4B-00C04F79EFBC}") = "E03_ArrayManipulator", "E03_ArrayManipulator\E03_ArrayManipulator.csproj", "{1AB6733D-EC49-45C7-B58A-BC8A429DBAD7}"
EndProject
Project("{FAE04EC0-301F-11D3-BF4B-00C04F79EFBC}") = "E04_SumReversedNumbers", "E04_SumReversedNumbers\E04_SumReversedNumbers.csproj", "{6D76D251-9777-45B4-A136-9AE52889E556}"
EndProject
Project("{FAE04EC0-301F-11D3-BF4B-00C04F79EFBC}") = "E05_BombNumbers", "E05_BombNumbers\E05_BombNumbers.csproj", "{78E7F3C3-641D-4368-829B-38E75BAF6FB9}"
EndProject
Project("{FAE04EC0-301F-11D3-BF4B-00C04F79EFBC}") = "E2_LongestIncreasingSubsequence", "E2_LongestIncreasingSubsequence\E2_LongestIncreasingSubsequence.csproj", "{06879758-3F0F-48C5-A8ED-9A47CD787E9D}"
EndProject
Global
	GlobalSection(SolutionConfigurationPlatforms) = preSolution
		Debug|Any CPU = Debug|Any CPU
		Release|Any CPU = Release|Any CPU
	EndGlobalSection
	GlobalSection(ProjectConfigurationPlatforms) = postSolution
		{0575DBFF-AAA4-4A83-986A-1906EB1CC2A0}.Debug|Any CPU.ActiveCfg = Debug|Any CPU
		{0575DBFF-AAA4-4A83-986A-1906EB1CC2A0}.Debug|Any CPU.Build.0 = Debug|Any CPU
		{0575DBFF-AAA4-4A83-986A-1906EB1CC2A0}.Release|Any CPU.ActiveCfg = Release|Any CPU
		{0575DBFF-AAA4-4A83-986A-1906EB1CC2A0}.Release|Any CPU.Build.0 = Release|Any CPU
		{1AB6733D-EC49-45C7-B58A-BC8A429DBAD7}.Debug|Any CPU.ActiveCfg = Debug|Any CPU
		{1AB6733D-EC49-45C7-B58A-BC8A429DBAD7}.Debug|Any CPU.Build.0 = Debug|Any CPU
		{1AB6733D-EC49-45C7-B58A-BC8A429DBAD7}.Release|Any CPU.ActiveCfg = Release|Any CPU
		{1AB6733D-EC49-45C7-B58A-BC8A429DBAD7}.Release|Any CPU.Build.0 = Release|Any CPU
		{6D76D251-9777-45B4-A136-9AE52889E556}.Debug|Any CPU.ActiveCfg = Debug|Any CPU
		{6D76D251-9777-45B4-A136-9AE52889E556}.Debug|Any CPU.Build.0 = Debug|Any CPU
		{6D76D251-9777-45B4-A136-9AE52889E556}.Release|Any CPU.ActiveCfg = Release|Any CPU
		{6D76D251-9777-45B4-A136-9AE52889E556}.Release|Any CPU.Build.0 = Release|Any CPU
		{78E7F3C3-641D-4368-829B-38E75BAF6FB9}.Debug|Any CPU.ActiveCfg = Debug|Any CPU
		{78E7F3C3-641D-4368-829B-38E75BAF6FB9}.Debug|Any CPU.Build.0 = Debug|Any CPU
		{78E7F3C3-641D-4368-829B-38E75BAF6FB9}.Release|Any CPU.ActiveCfg = Release|Any CPU
		{78E7F3C3-641D-4368-829B-38E75BAF6FB9}.Release|Any CPU.Build.0 = Release|Any CPU
		{06879758-3F0F-48C5-A8ED-9A47CD787E9D}.Debug|Any CPU.ActiveCfg = Debug|Any CPU
		{06879758-3F0F-48C5-A8ED-9A47CD787E9D}.Debug|Any CPU.Build.0 = Debug|Any CPU
		{06879758-3F0F-48C5-A8ED-9A47CD787E9D}.Release|Any CPU.ActiveCfg = Release|Any CPU
		{06879758-3F0F-48C5-A8ED-9A47CD787E9D}.Release|Any CPU.Build.0 = Release|Any CPU
	EndGlobalSection
	GlobalSection(SolutionProperties) = preSolution
		HideSolutionNode = FALSE
	EndGlobalSection
EndGlobal
